// !$*UTF8*$!
{
	archiveVersion = 1;
	classes = {
	};
	objectVersion = 46;
	objects = {

/* Begin PBXBuildFile section */
		EEC1BE341A952D5B00A22055 /* AppDelegate.swift in Sources */ = {isa = PBXBuildFile; fileRef = EEC1BE331A952D5B00A22055 /* AppDelegate.swift */; };
		EEC1BE361A952D5B00A22055 /* ViewController.swift in Sources */ = {isa = PBXBuildFile; fileRef = EEC1BE351A952D5B00A22055 /* ViewController.swift */; };
		EEC1BE391A952D5B00A22055 /* Main.storyboard in Resources */ = {isa = PBXBuildFile; fileRef = EEC1BE371A952D5B00A22055 /* Main.storyboard */; };
		EEC1BE3B1A952D5B00A22055 /* Images.xcassets in Resources */ = {isa = PBXBuildFile; fileRef = EEC1BE3A1A952D5B00A22055 /* Images.xcassets */; };
		EEC1BE3E1A952D5B00A22055 /* LaunchScreen.xib in Resources */ = {isa = PBXBuildFile; fileRef = EEC1BE3C1A952D5B00A22055 /* LaunchScreen.xib */; };
		EEC1BE5C1A952F0B00A22055 /* StringTest.swift in Sources */ = {isa = PBXBuildFile; fileRef = EEC1BE5B1A952F0B00A22055 /* StringTest.swift */; };
		EECD1B161AAA32D500B9C291 /* README.md in Sources */ = {isa = PBXBuildFile; fileRef = EECD1B141AAA32D500B9C291 /* README.md */; };
		EECD1B171AAA32D500B9C291 /* String.swift in Sources */ = {isa = PBXBuildFile; fileRef = EECD1B151AAA32D500B9C291 /* String.swift */; };
		EECD1B181AAA330800B9C291 /* String.swift in Sources */ = {isa = PBXBuildFile; fileRef = EECD1B151AAA32D500B9C291 /* String.swift */; };
/* End PBXBuildFile section */

/* Begin PBXContainerItemProxy section */
		EEC1BE441A952D5B00A22055 /* PBXContainerItemProxy */ = {
			isa = PBXContainerItemProxy;
			containerPortal = EEC1BE261A952D5B00A22055 /* Project object */;
			proxyType = 1;
			remoteGlobalIDString = EEC1BE2D1A952D5B00A22055;
			remoteInfo = Bolt;
		};
/* End PBXContainerItemProxy section */

/* Begin PBXFileReference section */
		EEC1BE2E1A952D5B00A22055 /* Bolt.app */ = {isa = PBXFileReference; explicitFileType = wrapper.application; includeInIndex = 0; path = Bolt.app; sourceTree = BUILT_PRODUCTS_DIR; };
		EEC1BE321A952D5B00A22055 /* Info.plist */ = {isa = PBXFileReference; lastKnownFileType = text.plist.xml; path = Info.plist; sourceTree = "<group>"; };
		EEC1BE331A952D5B00A22055 /* AppDelegate.swift */ = {isa = PBXFileReference; lastKnownFileType = sourcecode.swift; path = AppDelegate.swift; sourceTree = "<group>"; };
		EEC1BE351A952D5B00A22055 /* ViewController.swift */ = {isa = PBXFileReference; lastKnownFileType = sourcecode.swift; path = ViewController.swift; sourceTree = "<group>"; };
		EEC1BE381A952D5B00A22055 /* Base */ = {isa = PBXFileReference; lastKnownFileType = file.storyboard; name = Base; path = Base.lproj/Main.storyboard; sourceTree = "<group>"; };
		EEC1BE3A1A952D5B00A22055 /* Images.xcassets */ = {isa = PBXFileReference; lastKnownFileType = folder.assetcatalog; path = Images.xcassets; sourceTree = "<group>"; };
		EEC1BE3D1A952D5B00A22055 /* Base */ = {isa = PBXFileReference; lastKnownFileType = file.xib; name = Base; path = Base.lproj/LaunchScreen.xib; sourceTree = "<group>"; };
		EEC1BE431A952D5B00A22055 /* BoltTests.xctest */ = {isa = PBXFileReference; explicitFileType = wrapper.cfbundle; includeInIndex = 0; path = BoltTests.xctest; sourceTree = BUILT_PRODUCTS_DIR; };
		EEC1BE481A952D5B00A22055 /* Info.plist */ = {isa = PBXFileReference; lastKnownFileType = text.plist.xml; path = Info.plist; sourceTree = "<group>"; };
		EEC1BE5B1A952F0B00A22055 /* StringTest.swift */ = {isa = PBXFileReference; fileEncoding = 4; lastKnownFileType = sourcecode.swift; path = StringTest.swift; sourceTree = "<group>"; };
		EECD1B141AAA32D500B9C291 /* README.md */ = {isa = PBXFileReference; fileEncoding = 4; lastKnownFileType = net.daringfireball.markdown; path = README.md; sourceTree = "<group>"; };
		EECD1B151AAA32D500B9C291 /* String.swift */ = {isa = PBXFileReference; fileEncoding = 4; lastKnownFileType = sourcecode.swift; path = String.swift; sourceTree = "<group>"; };
/* End PBXFileReference section */

/* Begin PBXFrameworksBuildPhase section */
		EEC1BE2B1A952D5B00A22055 /* Frameworks */ = {
			isa = PBXFrameworksBuildPhase;
			buildActionMask = 2147483647;
			files = (
			);
			runOnlyForDeploymentPostprocessing = 0;
		};
		EEC1BE401A952D5B00A22055 /* Frameworks */ = {
			isa = PBXFrameworksBuildPhase;
			buildActionMask = 2147483647;
			files = (
			);
			runOnlyForDeploymentPostprocessing = 0;
		};
/* End PBXFrameworksBuildPhase section */

/* Begin PBXGroup section */
		EEC1BE251A952D5B00A22055 = {
			isa = PBXGroup;
			children = (
				EEC1BE301A952D5B00A22055 /* Bolt */,
				EEC1BE461A952D5B00A22055 /* BoltTests */,
				EEC1BE2F1A952D5B00A22055 /* Products */,
			);
			sourceTree = "<group>";
		};
		EEC1BE2F1A952D5B00A22055 /* Products */ = {
			isa = PBXGroup;
			children = (
				EEC1BE2E1A952D5B00A22055 /* Bolt.app */,
				EEC1BE431A952D5B00A22055 /* BoltTests.xctest */,
			);
			name = Products;
			sourceTree = "<group>";
		};
		EEC1BE301A952D5B00A22055 /* Bolt */ = {
			isa = PBXGroup;
			children = (
				EECD1B121AAA32D500B9C291 /* BoltLibrary */,
				EEC1BE531A952D6700A22055 /* StandardAppFiles */,
				EEC1BE311A952D5B00A22055 /* Supporting Files */,
			);
			path = Bolt;
			sourceTree = "<group>";
		};
		EEC1BE311A952D5B00A22055 /* Supporting Files */ = {
			isa = PBXGroup;
			children = (
				EEC1BE321A952D5B00A22055 /* Info.plist */,
			);
			name = "Supporting Files";
			sourceTree = "<group>";
		};
		EEC1BE461A952D5B00A22055 /* BoltTests */ = {
			isa = PBXGroup;
			children = (
				EEC1BE5B1A952F0B00A22055 /* StringTest.swift */,
				EEC1BE471A952D5B00A22055 /* Supporting Files */,
			);
			path = BoltTests;
			sourceTree = "<group>";
		};
		EEC1BE471A952D5B00A22055 /* Supporting Files */ = {
			isa = PBXGroup;
			children = (
				EEC1BE481A952D5B00A22055 /* Info.plist */,
			);
			name = "Supporting Files";
			sourceTree = "<group>";
		};
		EEC1BE531A952D6700A22055 /* StandardAppFiles */ = {
			isa = PBXGroup;
			children = (
				EEC1BE331A952D5B00A22055 /* AppDelegate.swift */,
				EEC1BE351A952D5B00A22055 /* ViewController.swift */,
				EEC1BE371A952D5B00A22055 /* Main.storyboard */,
				EEC1BE3A1A952D5B00A22055 /* Images.xcassets */,
				EEC1BE3C1A952D5B00A22055 /* LaunchScreen.xib */,
			);
			name = StandardAppFiles;
			sourceTree = "<group>";
		};
		EECD1B121AAA32D500B9C291 /* BoltLibrary */ = {
			isa = PBXGroup;
			children = (
				EECD1B131AAA32D500B9C291 /* String */,
			);
			path = BoltLibrary;
			sourceTree = "<group>";
		};
		EECD1B131AAA32D500B9C291 /* String */ = {
			isa = PBXGroup;
			children = (
				EECD1B141AAA32D500B9C291 /* README.md */,
				EECD1B151AAA32D500B9C291 /* String.swift */,
			);
			path = String;
			sourceTree = "<group>";
		};
/* End PBXGroup section */

/* Begin PBXNativeTarget section */
		EEC1BE2D1A952D5B00A22055 /* Bolt */ = {
			isa = PBXNativeTarget;
			buildConfigurationList = EEC1BE4D1A952D5B00A22055 /* Build configuration list for PBXNativeTarget "Bolt" */;
			buildPhases = (
				EEC1BE2A1A952D5B00A22055 /* Sources */,
				EEC1BE2B1A952D5B00A22055 /* Frameworks */,
				EEC1BE2C1A952D5B00A22055 /* Resources */,
			);
			buildRules = (
			);
			dependencies = (
			);
			name = Bolt;
			productName = Bolt;
			productReference = EEC1BE2E1A952D5B00A22055 /* Bolt.app */;
			productType = "com.apple.product-type.application";
		};
		EEC1BE421A952D5B00A22055 /* BoltTests */ = {
			isa = PBXNativeTarget;
			buildConfigurationList = EEC1BE501A952D5B00A22055 /* Build configuration list for PBXNativeTarget "BoltTests" */;
			buildPhases = (
				EEC1BE3F1A952D5B00A22055 /* Sources */,
				EEC1BE401A952D5B00A22055 /* Frameworks */,
				EEC1BE411A952D5B00A22055 /* Resources */,
			);
			buildRules = (
			);
			dependencies = (
				EEC1BE451A952D5B00A22055 /* PBXTargetDependency */,
			);
			name = BoltTests;
			productName = BoltTests;
			productReference = EEC1BE431A952D5B00A22055 /* BoltTests.xctest */;
			productType = "com.apple.product-type.bundle.unit-test";
		};
/* End PBXNativeTarget section */

/* Begin PBXProject section */
		EEC1BE261A952D5B00A22055 /* Project object */ = {
			isa = PBXProject;
			attributes = {
				LastUpgradeCheck = 0610;
				ORGANIZATIONNAME = WilliamFalcon;
				TargetAttributes = {
					EEC1BE2D1A952D5B00A22055 = {
						CreatedOnToolsVersion = 6.1.1;
					};
					EEC1BE421A952D5B00A22055 = {
						CreatedOnToolsVersion = 6.1.1;
						TestTargetID = EEC1BE2D1A952D5B00A22055;
					};
				};
			};
			buildConfigurationList = EEC1BE291A952D5B00A22055 /* Build configuration list for PBXProject "Bolt" */;
			compatibilityVersion = "Xcode 3.2";
			developmentRegion = English;
			hasScannedForEncodings = 0;
			knownRegions = (
				en,
				Base,
			);
			mainGroup = EEC1BE251A952D5B00A22055;
			productRefGroup = EEC1BE2F1A952D5B00A22055 /* Products */;
			projectDirPath = "";
			projectRoot = "";
			targets = (
				EEC1BE2D1A952D5B00A22055 /* Bolt */,
				EEC1BE421A952D5B00A22055 /* BoltTests */,
			);
		};
/* End PBXProject section */

/* Begin PBXResourcesBuildPhase section */
		EEC1BE2C1A952D5B00A22055 /* Resources */ = {
			isa = PBXResourcesBuildPhase;
			buildActionMask = 2147483647;
			files = (
				EEC1BE391A952D5B00A22055 /* Main.storyboard in Resources */,
				EEC1BE3E1A952D5B00A22055 /* LaunchScreen.xib in Resources */,
				EEC1BE3B1A952D5B00A22055 /* Images.xcassets in Resources */,
			);
			runOnlyForDeploymentPostprocessing = 0;
		};
		EEC1BE411A952D5B00A22055 /* Resources */ = {
			isa = PBXResourcesBuildPhase;
			buildActionMask = 2147483647;
			files = (
			);
			runOnlyForDeploymentPostprocessing = 0;
		};
/* End PBXResourcesBuildPhase section */

/* Begin PBXSourcesBuildPhase section */
		EEC1BE2A1A952D5B00A22055 /* Sources */ = {
			isa = PBXSourcesBuildPhase;
			buildActionMask = 2147483647;
			files = (
				EECD1B161AAA32D500B9C291 /* README.md in Sources */,
				EEC1BE361A952D5B00A22055 /* ViewController.swift in Sources */,
				EECD1B171AAA32D500B9C291 /* String.swift in Sources */,
				EEC1BE341A952D5B00A22055 /* AppDelegate.swift in Sources */,
			);
			runOnlyForDeploymentPostprocessing = 0;
		};
		EEC1BE3F1A952D5B00A22055 /* Sources */ = {
			isa = PBXSourcesBuildPhase;
			buildActionMask = 2147483647;
			files = (
				EECD1B181AAA330800B9C291 /* String.swift in Sources */,
				EEC1BE5C1A952F0B00A22055 /* StringTest.swift in Sources */,
			);
			runOnlyForDeploymentPostprocessing = 0;
		};
/* End PBXSourcesBuildPhase section */

/* Begin PBXTargetDependency section */
		EEC1BE451A952D5B00A22055 /* PBXTargetDependency */ = {
			isa = PBXTargetDependency;
			target = EEC1BE2D1A952D5B00A22055 /* Bolt */;
			targetProxy = EEC1BE441A952D5B00A22055 /* PBXContainerItemProxy */;
		};
/* End PBXTargetDependency section */

/* Begin PBXVariantGroup section */
		EEC1BE371A952D5B00A22055 /* Main.storyboard */ = {
			isa = PBXVariantGroup;
			children = (
				EEC1BE381A952D5B00A22055 /* Base */,
			);
			name = Main.storyboard;
			sourceTree = "<group>";
		};
		EEC1BE3C1A952D5B00A22055 /* LaunchScreen.xib */ = {
			isa = PBXVariantGroup;
			children = (
				EEC1BE3D1A952D5B00A22055 /* Base */,
			);
			name = LaunchScreen.xib;
			sourceTree = "<group>";
		};
/* End PBXVariantGroup section */

/* Begin XCBuildConfiguration section */
		EEC1BE4B1A952D5B00A22055 /* Debug */ = {
			isa = XCBuildConfiguration;
			buildSettings = {
				ALWAYS_SEARCH_USER_PATHS = NO;
				CLANG_CXX_LANGUAGE_STANDARD = "gnu++0x";
				CLANG_CXX_LIBRARY = "libc++";
				CLANG_ENABLE_MODULES = YES;
				CLANG_ENABLE_OBJC_ARC = YES;
				CLANG_WARN_BOOL_CONVERSION = YES;
				CLANG_WARN_CONSTANT_CONVERSION = YES;
				CLANG_WARN_DIRECT_OBJC_ISA_USAGE = YES_ERROR;
				CLANG_WARN_EMPTY_BODY = YES;
				CLANG_WARN_ENUM_CONVERSION = YES;
				CLANG_WARN_INT_CONVERSION = YES;
				CLANG_WARN_OBJC_ROOT_CLASS = YES_ERROR;
				CLANG_WARN_UNREACHABLE_CODE = YES;
				CLANG_WARN__DUPLICATE_METHOD_MATCH = YES;
				"CODE_SIGN_IDENTITY[sdk=iphoneos*]" = "iPhone Developer";
				COPY_PHASE_STRIP = NO;
				ENABLE_STRICT_OBJC_MSGSEND = YES;
				GCC_C_LANGUAGE_STANDARD = gnu99;
				GCC_DYNAMIC_NO_PIC = NO;
				GCC_OPTIMIZATION_LEVEL = 0;
				GCC_PREPROCESSOR_DEFINITIONS = (
					"DEBUG=1",
					"$(inherited)",
				);
				GCC_SYMBOLS_PRIVATE_EXTERN = NO;
				GCC_WARN_64_TO_32_BIT_CONVERSION = YES;
				GCC_WARN_ABOUT_RETURN_TYPE = YES_ERROR;
				GCC_WARN_UNDECLARED_SELECTOR = YES;
				GCC_WARN_UNINITIALIZED_AUTOS = YES_AGGRESSIVE;
				GCC_WARN_UNUSED_FUNCTION = YES;
				GCC_WARN_UNUSED_VARIABLE = YES;
				IPHONEOS_DEPLOYMENT_TARGET = 8.1;
				MTL_ENABLE_DEBUG_INFO = YES;
				ONLY_ACTIVE_ARCH = YES;
				SDKROOT = iphoneos;
				SWIFT_OPTIMIZATION_LEVEL = "-Onone";
			};
			name = Debug;
		};
		EEC1BE4C1A952D5B00A22055 /* Release */ = {
			isa = XCBuildConfiguration;
			buildSettings = {
				ALWAYS_SEARCH_USER_PATHS = NO;
				CLANG_CXX_LANGUAGE_STANDARD = "gnu++0x";
				CLANG_CXX_LIBRARY = "libc++";
				CLANG_ENABLE_MODULES = YES;
				CLANG_ENABLE_OBJC_ARC = YES;
				CLANG_WARN_BOOL_CONVERSION = YES;
				CLANG_WARN_CONSTANT_CONVERSION = YES;
				CLANG_WARN_DIRECT_OBJC_ISA_USAGE = YES_ERROR;
				CLANG_WARN_EMPTY_BODY = YES;
				CLANG_WARN_ENUM_CONVERSION = YES;
				CLANG_WARN_INT_CONVERSION = YES;
				CLANG_WARN_OBJC_ROOT_CLASS = YES_ERROR;
				CLANG_WARN_UNREACHABLE_CODE = YES;
				CLANG_WARN__DUPLICATE_METHOD_MATCH = YES;
				"CODE_SIGN_IDENTITY[sdk=iphoneos*]" = "iPhone Developer";
				COPY_PHASE_STRIP = YES;
				ENABLE_NS_ASSERTIONS = NO;
				ENABLE_STRICT_OBJC_MSGSEND = YES;
				GCC_C_LANGUAGE_STANDARD = gnu99;
				GCC_WARN_64_TO_32_BIT_CONVERSION = YES;
				GCC_WARN_ABOUT_RETURN_TYPE = YES_ERROR;
				GCC_WARN_UNDECLARED_SELECTOR = YES;
				GCC_WARN_UNINITIALIZED_AUTOS = YES_AGGRESSIVE;
				GCC_WARN_UNUSED_FUNCTION = YES;
				GCC_WARN_UNUSED_VARIABLE = YES;
				IPHONEOS_DEPLOYMENT_TARGET = 8.1;
				MTL_ENABLE_DEBUG_INFO = NO;
				SDKROOT = iphoneos;
				VALIDATE_PRODUCT = YES;
			};
			name = Release;
		};
		EEC1BE4E1A952D5B00A22055 /* Debug */ = {
			isa = XCBuildConfiguration;
			buildSettings = {
				ASSETCATALOG_COMPILER_APPICON_NAME = AppIcon;
				INFOPLIST_FILE = Bolt/Info.plist;
				LD_RUNPATH_SEARCH_PATHS = "$(inherited) @executable_path/Frameworks";
				PRODUCT_NAME = "$(TARGET_NAME)";
			};
			name = Debug;
		};
		EEC1BE4F1A952D5B00A22055 /* Release */ = {
			isa = XCBuildConfiguration;
			buildSettings = {
				ASSETCATALOG_COMPILER_APPICON_NAME = AppIcon;
				INFOPLIST_FILE = Bolt/Info.plist;
				LD_RUNPATH_SEARCH_PATHS = "$(inherited) @executable_path/Frameworks";
				PRODUCT_NAME = "$(TARGET_NAME)";
			};
			name = Release;
		};
		EEC1BE511A952D5B00A22055 /* Debug */ = {
			isa = XCBuildConfiguration;
			buildSettings = {
				BUNDLE_LOADER = "$(TEST_HOST)";
				FRAMEWORK_SEARCH_PATHS = (
					"$(SDKROOT)/Developer/Library/Frameworks",
					"$(inherited)",
				);
				GCC_PREPROCESSOR_DEFINITIONS = (
					"DEBUG=1",
					"$(inherited)",
				);
				INFOPLIST_FILE = BoltTests/Info.plist;
				LD_RUNPATH_SEARCH_PATHS = "$(inherited) @executable_path/Frameworks @loader_path/Frameworks";
				PRODUCT_NAME = "$(TARGET_NAME)";
				TEST_HOST = "$(BUILT_PRODUCTS_DIR)/Bolt.app/Bolt";
			};
			name = Debug;
		};
		EEC1BE521A952D5B00A22055 /* Release */ = {
			isa = XCBuildConfiguration;
			buildSettings = {
				BUNDLE_LOADER = "$(TEST_HOST)";
				FRAMEWORK_SEARCH_PATHS = (
					"$(SDKROOT)/Developer/Library/Frameworks",
					"$(inherited)",
				);
				INFOPLIST_FILE = BoltTests/Info.plist;
				LD_RUNPATH_SEARCH_PATHS = "$(inherited) @executable_path/Frameworks @loader_path/Frameworks";
				PRODUCT_NAME = "$(TARGET_NAME)";
				TEST_HOST = "$(BUILT_PRODUCTS_DIR)/Bolt.app/Bolt";
			};
			name = Release;
		};
/* End XCBuildConfiguration section */

/* Begin XCConfigurationList section */
		EEC1BE291A952D5B00A22055 /* Build configuration list for PBXProject "Bolt" */ = {
			isa = XCConfigurationList;
			buildConfigurations = (
				EEC1BE4B1A952D5B00A22055 /* Debug */,
				EEC1BE4C1A952D5B00A22055 /* Release */,
			);
			defaultConfigurationIsVisible = 0;
			defaultConfigurationName = Release;
		};
		EEC1BE4D1A952D5B00A22055 /* Build configuration list for PBXNativeTarget "Bolt" */ = {
			isa = XCConfigurationList;
			buildConfigurations = (
				EEC1BE4E1A952D5B00A22055 /* Debug */,
				EEC1BE4F1A952D5B00A22055 /* Release */,
			);
			defaultConfigurationIsVisible = 0;
			defaultConfigurationName = Release;
		};
		EEC1BE501A952D5B00A22055 /* Build configuration list for PBXNativeTarget "BoltTests" */ = {
			isa = XCConfigurationList;
			buildConfigurations = (
				EEC1BE511A952D5B00A22055 /* Debug */,
				EEC1BE521A952D5B00A22055 /* Release */,
			);
			defaultConfigurationIsVisible = 0;
			defaultConfigurationName = Release;
		};
/* End XCConfigurationList section */
	};
	rootObject = EEC1BE261A952D5B00A22055 /* Project object */;
}
