// !$*UTF8*$!
{
	archiveVersion = 1;
	classes = {
	};
	objectVersion = 46;
	objects = {

/* Begin PBXBuildFile section */
		021AC95A1DC6537E00A8110B /* AppDelegate.swift in Sources */ = {isa = PBXBuildFile; fileRef = 021AC9591DC6537E00A8110B /* AppDelegate.swift */; };
		021AC95C1DC6537E00A8110B /* ViewController.swift in Sources */ = {isa = PBXBuildFile; fileRef = 021AC95B1DC6537E00A8110B /* ViewController.swift */; };
		021AC95F1DC6537E00A8110B /* Main.storyboard in Resources */ = {isa = PBXBuildFile; fileRef = 021AC95D1DC6537E00A8110B /* Main.storyboard */; };
		021AC9611DC6537E00A8110B /* Assets.xcassets in Resources */ = {isa = PBXBuildFile; fileRef = 021AC9601DC6537E00A8110B /* Assets.xcassets */; };
		021AC9641DC6537E00A8110B /* LaunchScreen.storyboard in Resources */ = {isa = PBXBuildFile; fileRef = 021AC9621DC6537E00A8110B /* LaunchScreen.storyboard */; };
		021AC96F1DC6537E00A8110B /* SwiftArmyKnifeTests.swift in Sources */ = {isa = PBXBuildFile; fileRef = 021AC96E1DC6537E00A8110B /* SwiftArmyKnifeTests.swift */; };
/* End PBXBuildFile section */

/* Begin PBXContainerItemProxy section */
		021AC96B1DC6537E00A8110B /* PBXContainerItemProxy */ = {
			isa = PBXContainerItemProxy;
			containerPortal = 021AC94E1DC6537E00A8110B /* Project object */;
			proxyType = 1;
			remoteGlobalIDString = 021AC9551DC6537E00A8110B;
			remoteInfo = SwiftArmyKnife;
		};
/* End PBXContainerItemProxy section */

/* Begin PBXFileReference section */
		021AC9561DC6537E00A8110B /* SwiftArmyKnife.app */ = {isa = PBXFileReference; explicitFileType = wrapper.application; includeInIndex = 0; path = SwiftArmyKnife.app; sourceTree = BUILT_PRODUCTS_DIR; };
		021AC9591DC6537E00A8110B /* AppDelegate.swift */ = {isa = PBXFileReference; lastKnownFileType = sourcecode.swift; path = AppDelegate.swift; sourceTree = "<group>"; };
		021AC95B1DC6537E00A8110B /* ViewController.swift */ = {isa = PBXFileReference; lastKnownFileType = sourcecode.swift; path = ViewController.swift; sourceTree = "<group>"; };
		021AC95E1DC6537E00A8110B /* Base */ = {isa = PBXFileReference; lastKnownFileType = file.storyboard; name = Base; path = Base.lproj/Main.storyboard; sourceTree = "<group>"; };
		021AC9601DC6537E00A8110B /* Assets.xcassets */ = {isa = PBXFileReference; lastKnownFileType = folder.assetcatalog; path = Assets.xcassets; sourceTree = "<group>"; };
		021AC9631DC6537E00A8110B /* Base */ = {isa = PBXFileReference; lastKnownFileType = file.storyboard; name = Base; path = Base.lproj/LaunchScreen.storyboard; sourceTree = "<group>"; };
		021AC9651DC6537E00A8110B /* Info.plist */ = {isa = PBXFileReference; lastKnownFileType = text.plist.xml; path = Info.plist; sourceTree = "<group>"; };
		021AC96A1DC6537E00A8110B /* SwiftArmyKnifeTests.xctest */ = {isa = PBXFileReference; explicitFileType = wrapper.cfbundle; includeInIndex = 0; path = SwiftArmyKnifeTests.xctest; sourceTree = BUILT_PRODUCTS_DIR; };
		021AC96E1DC6537E00A8110B /* SwiftArmyKnifeTests.swift */ = {isa = PBXFileReference; lastKnownFileType = sourcecode.swift; path = SwiftArmyKnifeTests.swift; sourceTree = "<group>"; };
		021AC9701DC6537E00A8110B /* Info.plist */ = {isa = PBXFileReference; lastKnownFileType = text.plist.xml; path = Info.plist; sourceTree = "<group>"; };
/* End PBXFileReference section */

/* Begin PBXFrameworksBuildPhase section */
		021AC9531DC6537E00A8110B /* Frameworks */ = {
			isa = PBXFrameworksBuildPhase;
			buildActionMask = 2147483647;
			files = (
			);
			runOnlyForDeploymentPostprocessing = 0;
		};
		021AC9671DC6537E00A8110B /* Frameworks */ = {
			isa = PBXFrameworksBuildPhase;
			buildActionMask = 2147483647;
			files = (
			);
			runOnlyForDeploymentPostprocessing = 0;
		};
/* End PBXFrameworksBuildPhase section */

/* Begin PBXGroup section */
		021AC94D1DC6537E00A8110B = {
			isa = PBXGroup;
			children = (
				021AC9581DC6537E00A8110B /* SwiftArmyKnife */,
				021AC96D1DC6537E00A8110B /* SwiftArmyKnifeTests */,
				021AC9571DC6537E00A8110B /* Products */,
			);
			sourceTree = "<group>";
		};
		021AC9571DC6537E00A8110B /* Products */ = {
			isa = PBXGroup;
			children = (
				021AC9561DC6537E00A8110B /* SwiftArmyKnife.app */,
				021AC96A1DC6537E00A8110B /* SwiftArmyKnifeTests.xctest */,
			);
			name = Products;
			sourceTree = "<group>";
		};
		021AC9581DC6537E00A8110B /* SwiftArmyKnife */ = {
			isa = PBXGroup;
			children = (
				021AC9591DC6537E00A8110B /* AppDelegate.swift */,
				021AC95B1DC6537E00A8110B /* ViewController.swift */,
				021AC95D1DC6537E00A8110B /* Main.storyboard */,
				021AC9601DC6537E00A8110B /* Assets.xcassets */,
				021AC9621DC6537E00A8110B /* LaunchScreen.storyboard */,
				021AC9651DC6537E00A8110B /* Info.plist */,
			);
			path = SwiftArmyKnife;
			sourceTree = "<group>";
		};
		021AC96D1DC6537E00A8110B /* SwiftArmyKnifeTests */ = {
			isa = PBXGroup;
			children = (
				021AC96E1DC6537E00A8110B /* SwiftArmyKnifeTests.swift */,
				021AC9701DC6537E00A8110B /* Info.plist */,
			);
			path = SwiftArmyKnifeTests;
			sourceTree = "<group>";
		};
/* End PBXGroup section */

/* Begin PBXNativeTarget section */
		021AC9551DC6537E00A8110B /* SwiftArmyKnife */ = {
			isa = PBXNativeTarget;
			buildConfigurationList = 021AC9731DC6537E00A8110B /* Build configuration list for PBXNativeTarget "SwiftArmyKnife" */;
			buildPhases = (
				021AC9521DC6537E00A8110B /* Sources */,
				021AC9531DC6537E00A8110B /* Frameworks */,
				021AC9541DC6537E00A8110B /* Resources */,
			);
			buildRules = (
			);
			dependencies = (
			);
			name = SwiftArmyKnife;
			productName = SwiftArmyKnife;
			productReference = 021AC9561DC6537E00A8110B /* SwiftArmyKnife.app */;
			productType = "com.apple.product-type.application";
		};
		021AC9691DC6537E00A8110B /* SwiftArmyKnifeTests */ = {
			isa = PBXNativeTarget;
			buildConfigurationList = 021AC9761DC6537E00A8110B /* Build configuration list for PBXNativeTarget "SwiftArmyKnifeTests" */;
			buildPhases = (
				021AC9661DC6537E00A8110B /* Sources */,
				021AC9671DC6537E00A8110B /* Frameworks */,
				021AC9681DC6537E00A8110B /* Resources */,
			);
			buildRules = (
			);
			dependencies = (
				021AC96C1DC6537E00A8110B /* PBXTargetDependency */,
			);
			name = SwiftArmyKnifeTests;
			productName = SwiftArmyKnifeTests;
			productReference = 021AC96A1DC6537E00A8110B /* SwiftArmyKnifeTests.xctest */;
			productType = "com.apple.product-type.bundle.unit-test";
		};
/* End PBXNativeTarget section */

/* Begin PBXProject section */
		021AC94E1DC6537E00A8110B /* Project object */ = {
			isa = PBXProject;
			attributes = {
				LastSwiftUpdateCheck = 0810;
				LastUpgradeCheck = 0810;
				ORGANIZATIONNAME = "HAC Studios";
				TargetAttributes = {
					021AC9551DC6537E00A8110B = {
						CreatedOnToolsVersion = 8.1;
						DevelopmentTeam = 3N939BJ6ZH;
						ProvisioningStyle = Automatic;
					};
					021AC9691DC6537E00A8110B = {
						CreatedOnToolsVersion = 8.1;
						DevelopmentTeam = 3N939BJ6ZH;
						ProvisioningStyle = Automatic;
						TestTargetID = 021AC9551DC6537E00A8110B;
					};
				};
			};
			buildConfigurationList = 021AC9511DC6537E00A8110B /* Build configuration list for PBXProject "SwiftArmyKnife" */;
			compatibilityVersion = "Xcode 3.2";
			developmentRegion = English;
			hasScannedForEncodings = 0;
			knownRegions = (
				en,
				Base,
			);
			mainGroup = 021AC94D1DC6537E00A8110B;
			productRefGroup = 021AC9571DC6537E00A8110B /* Products */;
			projectDirPath = "";
			projectRoot = "";
			targets = (
				021AC9551DC6537E00A8110B /* SwiftArmyKnife */,
				021AC9691DC6537E00A8110B /* SwiftArmyKnifeTests */,
			);
		};
/* End PBXProject section */

/* Begin PBXResourcesBuildPhase section */
		021AC9541DC6537E00A8110B /* Resources */ = {
			isa = PBXResourcesBuildPhase;
			buildActionMask = 2147483647;
			files = (
				021AC9641DC6537E00A8110B /* LaunchScreen.storyboard in Resources */,
				021AC9611DC6537E00A8110B /* Assets.xcassets in Resources */,
				021AC95F1DC6537E00A8110B /* Main.storyboard in Resources */,
			);
			runOnlyForDeploymentPostprocessing = 0;
		};
		021AC9681DC6537E00A8110B /* Resources */ = {
			isa = PBXResourcesBuildPhase;
			buildActionMask = 2147483647;
			files = (
			);
			runOnlyForDeploymentPostprocessing = 0;
		};
/* End PBXResourcesBuildPhase section */

/* Begin PBXSourcesBuildPhase section */
		021AC9521DC6537E00A8110B /* Sources */ = {
			isa = PBXSourcesBuildPhase;
			buildActionMask = 2147483647;
			files = (
				021AC95C1DC6537E00A8110B /* ViewController.swift in Sources */,
				021AC95A1DC6537E00A8110B /* AppDelegate.swift in Sources */,
			);
			runOnlyForDeploymentPostprocessing = 0;
		};
		021AC9661DC6537E00A8110B /* Sources */ = {
			isa = PBXSourcesBuildPhase;
			buildActionMask = 2147483647;
			files = (
				021AC96F1DC6537E00A8110B /* SwiftArmyKnifeTests.swift in Sources */,
			);
			runOnlyForDeploymentPostprocessing = 0;
		};
/* End PBXSourcesBuildPhase section */

/* Begin PBXTargetDependency section */
		021AC96C1DC6537E00A8110B /* PBXTargetDependency */ = {
			isa = PBXTargetDependency;
			target = 021AC9551DC6537E00A8110B /* SwiftArmyKnife */;
			targetProxy = 021AC96B1DC6537E00A8110B /* PBXContainerItemProxy */;
		};
/* End PBXTargetDependency section */

/* Begin PBXVariantGroup section */
		021AC95D1DC6537E00A8110B /* Main.storyboard */ = {
			isa = PBXVariantGroup;
			children = (
				021AC95E1DC6537E00A8110B /* Base */,
			);
			name = Main.storyboard;
			sourceTree = "<group>";
		};
		021AC9621DC6537E00A8110B /* LaunchScreen.storyboard */ = {
			isa = PBXVariantGroup;
			children = (
				021AC9631DC6537E00A8110B /* Base */,
			);
			name = LaunchScreen.storyboard;
			sourceTree = "<group>";
		};
/* End PBXVariantGroup section */

/* Begin XCBuildConfiguration section */
		021AC9711DC6537E00A8110B /* Debug */ = {
			isa = XCBuildConfiguration;
			buildSettings = {
				ALWAYS_SEARCH_USER_PATHS = NO;
				CLANG_ANALYZER_NONNULL = YES;
				CLANG_CXX_LANGUAGE_STANDARD = "gnu++0x";
				CLANG_CXX_LIBRARY = "libc++";
				CLANG_ENABLE_MODULES = YES;
				CLANG_ENABLE_OBJC_ARC = YES;
				CLANG_WARN_BOOL_CONVERSION = YES;
				CLANG_WARN_CONSTANT_CONVERSION = YES;
				CLANG_WARN_DIRECT_OBJC_ISA_USAGE = YES_ERROR;
				CLANG_WARN_DOCUMENTATION_COMMENTS = YES;
				CLANG_WARN_EMPTY_BODY = YES;
				CLANG_WARN_ENUM_CONVERSION = YES;
				CLANG_WARN_INFINITE_RECURSION = YES;
				CLANG_WARN_INT_CONVERSION = YES;
				CLANG_WARN_OBJC_ROOT_CLASS = YES_ERROR;
				CLANG_WARN_SUSPICIOUS_MOVES = YES;
				CLANG_WARN_UNREACHABLE_CODE = YES;
				CLANG_WARN__DUPLICATE_METHOD_MATCH = YES;
				"CODE_SIGN_IDENTITY[sdk=iphoneos*]" = "iPhone Developer";
				COPY_PHASE_STRIP = NO;
				DEBUG_INFORMATION_FORMAT = dwarf;
				ENABLE_STRICT_OBJC_MSGSEND = YES;
				ENABLE_TESTABILITY = YES;
				GCC_C_LANGUAGE_STANDARD = gnu99;
				GCC_DYNAMIC_NO_PIC = NO;
				GCC_NO_COMMON_BLOCKS = YES;
				GCC_OPTIMIZATION_LEVEL = 0;
				GCC_PREPROCESSOR_DEFINITIONS = (
					"DEBUG=1",
					"$(inherited)",
				);
				GCC_WARN_64_TO_32_BIT_CONVERSION = YES;
				GCC_WARN_ABOUT_RETURN_TYPE = YES_ERROR;
				GCC_WARN_UNDECLARED_SELECTOR = YES;
				GCC_WARN_UNINITIALIZED_AUTOS = YES_AGGRESSIVE;
				GCC_WARN_UNUSED_FUNCTION = YES;
				GCC_WARN_UNUSED_VARIABLE = YES;
				IPHONEOS_DEPLOYMENT_TARGET = 10.1;
				MTL_ENABLE_DEBUG_INFO = YES;
				ONLY_ACTIVE_ARCH = YES;
				SDKROOT = iphoneos;
				SWIFT_ACTIVE_COMPILATION_CONDITIONS = DEBUG;
				SWIFT_OPTIMIZATION_LEVEL = "-Onone";
			};
			name = Debug;
		};
		021AC9721DC6537E00A8110B /* Release */ = {
			isa = XCBuildConfiguration;
			buildSettings = {
				ALWAYS_SEARCH_USER_PATHS = NO;
				CLANG_ANALYZER_NONNULL = YES;
				CLANG_CXX_LANGUAGE_STANDARD = "gnu++0x";
				CLANG_CXX_LIBRARY = "libc++";
				CLANG_ENABLE_MODULES = YES;
				CLANG_ENABLE_OBJC_ARC = YES;
				CLANG_WARN_BOOL_CONVERSION = YES;
				CLANG_WARN_CONSTANT_CONVERSION = YES;
				CLANG_WARN_DIRECT_OBJC_ISA_USAGE = YES_ERROR;
				CLANG_WARN_DOCUMENTATION_COMMENTS = YES;
				CLANG_WARN_EMPTY_BODY = YES;
				CLANG_WARN_ENUM_CONVERSION = YES;
				CLANG_WARN_INFINITE_RECURSION = YES;
				CLANG_WARN_INT_CONVERSION = YES;
				CLANG_WARN_OBJC_ROOT_CLASS = YES_ERROR;
				CLANG_WARN_SUSPICIOUS_MOVES = YES;
				CLANG_WARN_UNREACHABLE_CODE = YES;
				CLANG_WARN__DUPLICATE_METHOD_MATCH = YES;
				"CODE_SIGN_IDENTITY[sdk=iphoneos*]" = "iPhone Developer";
				COPY_PHASE_STRIP = NO;
				DEBUG_INFORMATION_FORMAT = "dwarf-with-dsym";
				ENABLE_NS_ASSERTIONS = NO;
				ENABLE_STRICT_OBJC_MSGSEND = YES;
				GCC_C_LANGUAGE_STANDARD = gnu99;
				GCC_NO_COMMON_BLOCKS = YES;
				GCC_WARN_64_TO_32_BIT_CONVERSION = YES;
				GCC_WARN_ABOUT_RETURN_TYPE = YES_ERROR;
				GCC_WARN_UNDECLARED_SELECTOR = YES;
				GCC_WARN_UNINITIALIZED_AUTOS = YES_AGGRESSIVE;
				GCC_WARN_UNUSED_FUNCTION = YES;
				GCC_WARN_UNUSED_VARIABLE = YES;
				IPHONEOS_DEPLOYMENT_TARGET = 10.1;
				MTL_ENABLE_DEBUG_INFO = NO;
				SDKROOT = iphoneos;
				SWIFT_OPTIMIZATION_LEVEL = "-Owholemodule";
				VALIDATE_PRODUCT = YES;
			};
			name = Release;
		};
		021AC9741DC6537E00A8110B /* Debug */ = {
			isa = XCBuildConfiguration;
			buildSettings = {
				ASSETCATALOG_COMPILER_APPICON_NAME = AppIcon;
				DEVELOPMENT_TEAM = 3N939BJ6ZH;
				INFOPLIST_FILE = SwiftArmyKnife/Info.plist;
				LD_RUNPATH_SEARCH_PATHS = "$(inherited) @executable_path/Frameworks";
				PRODUCT_BUNDLE_IDENTIFIER = hacstudios.SwiftArmyKnife;
				PRODUCT_NAME = "$(TARGET_NAME)";
				SWIFT_VERSION = 3.0;
			};
			name = Debug;
		};
		021AC9751DC6537E00A8110B /* Release */ = {
			isa = XCBuildConfiguration;
			buildSettings = {
				ASSETCATALOG_COMPILER_APPICON_NAME = AppIcon;
				DEVELOPMENT_TEAM = 3N939BJ6ZH;
				INFOPLIST_FILE = SwiftArmyKnife/Info.plist;
				LD_RUNPATH_SEARCH_PATHS = "$(inherited) @executable_path/Frameworks";
				PRODUCT_BUNDLE_IDENTIFIER = hacstudios.SwiftArmyKnife;
				PRODUCT_NAME = "$(TARGET_NAME)";
				SWIFT_VERSION = 3.0;
			};
			name = Release;
		};
		021AC9771DC6537E00A8110B /* Debug */ = {
			isa = XCBuildConfiguration;
			buildSettings = {
				ALWAYS_EMBED_SWIFT_STANDARD_LIBRARIES = YES;
				BUNDLE_LOADER = "$(TEST_HOST)";
				DEVELOPMENT_TEAM = 3N939BJ6ZH;
				INFOPLIST_FILE = SwiftArmyKnifeTests/Info.plist;
				LD_RUNPATH_SEARCH_PATHS = "$(inherited) @executable_path/Frameworks @loader_path/Frameworks";
				PRODUCT_BUNDLE_IDENTIFIER = hacstudios.SwiftArmyKnifeTests;
				PRODUCT_NAME = "$(TARGET_NAME)";
				SWIFT_VERSION = 3.0;
				TEST_HOST = "$(BUILT_PRODUCTS_DIR)/SwiftArmyKnife.app/SwiftArmyKnife";
			};
			name = Debug;
		};
		021AC9781DC6537E00A8110B /* Release */ = {
			isa = XCBuildConfiguration;
			buildSettings = {
				ALWAYS_EMBED_SWIFT_STANDARD_LIBRARIES = YES;
				BUNDLE_LOADER = "$(TEST_HOST)";
				DEVELOPMENT_TEAM = 3N939BJ6ZH;
				INFOPLIST_FILE = SwiftArmyKnifeTests/Info.plist;
				LD_RUNPATH_SEARCH_PATHS = "$(inherited) @executable_path/Frameworks @loader_path/Frameworks";
				PRODUCT_BUNDLE_IDENTIFIER = hacstudios.SwiftArmyKnifeTests;
				PRODUCT_NAME = "$(TARGET_NAME)";
				SWIFT_VERSION = 3.0;
				TEST_HOST = "$(BUILT_PRODUCTS_DIR)/SwiftArmyKnife.app/SwiftArmyKnife";
			};
			name = Release;
		};
/* End XCBuildConfiguration section */

/* Begin XCConfigurationList section */
		021AC9511DC6537E00A8110B /* Build configuration list for PBXProject "SwiftArmyKnife" */ = {
			isa = XCConfigurationList;
			buildConfigurations = (
				021AC9711DC6537E00A8110B /* Debug */,
				021AC9721DC6537E00A8110B /* Release */,
			);
			defaultConfigurationIsVisible = 0;
			defaultConfigurationName = Release;
		};
		021AC9731DC6537E00A8110B /* Build configuration list for PBXNativeTarget "SwiftArmyKnife" */ = {
			isa = XCConfigurationList;
			buildConfigurations = (
				021AC9741DC6537E00A8110B /* Debug */,
				021AC9751DC6537E00A8110B /* Release */,
			);
			defaultConfigurationIsVisible = 0;
			defaultConfigurationName = Release;
		};
		021AC9761DC6537E00A8110B /* Build configuration list for PBXNativeTarget "SwiftArmyKnifeTests" */ = {
			isa = XCConfigurationList;
			buildConfigurations = (
				021AC9771DC6537E00A8110B /* Debug */,
				021AC9781DC6537E00A8110B /* Release */,
			);
			defaultConfigurationIsVisible = 0;
			defaultConfigurationName = Release;
		};
/* End XCConfigurationList section */
	};
	rootObject = 021AC94E1DC6537E00A8110B /* Project object */;
}
